
Microsoft Visual Studio Solution File, Format Version 12.00
# Visual Studio Version 17
VisualStudioVersion = 17.7.34031.279
MinimumVisualStudioVersion = 10.0.40219.1
Project("{FAE04EC0-301F-11D3-BF4B-00C04F79EFBC}") = "Movie Database", "Movie Database\Movie Database.csproj", "{EBA0CAA7-3E45-4946-A38C-95E43A946B7D}"
EndProject
Global
	GlobalSection(SolutionConfigurationPlatforms) = preSolution
		Debug|Any CPU = Debug|Any CPU
		Release|Any CPU = Release|Any CPU
	EndGlobalSection
	GlobalSection(ProjectConfigurationPlatforms) = postSolution
		{EBA0CAA7-3E45-4946-A38C-95E43A946B7D}.Debug|Any CPU.ActiveCfg = Debug|Any CPU
		{EBA0CAA7-3E45-4946-A38C-95E43A946B7D}.Debug|Any CPU.Build.0 = Debug|Any CPU
		{EBA0CAA7-3E45-4946-A38C-95E43A946B7D}.Release|Any CPU.ActiveCfg = Release|Any CPU
		{EBA0CAA7-3E45-4946-A38C-95E43A946B7D}.Release|Any CPU.Build.0 = Release|Any CPU
	EndGlobalSection
	GlobalSection(SolutionProperties) = preSolution
		HideSolutionNode = FALSE
	EndGlobalSection
	GlobalSection(ExtensibilityGlobals) = postSolution
		SolutionGuid = {85CCFE94-9A8C-4B03-B71B-FEA03FE7CB1D}
	EndGlobalSection
EndGlobal
